
Microsoft Visual Studio Solution File, Format Version 12.00
# Visual Studio Version 17
VisualStudioVersion = 17.8.34330.188
MinimumVisualStudioVersion = 10.0.40219.1
Project("{FAE04EC0-301F-11D3-BF4B-00C04F79EFBC}") = "Bloggie.Web", "Bloggie.Web\Bloggie.Web.csproj", "{C39996FD-B1C5-4E41-9E22-76C67EEC6470}"
EndProject
Global
	GlobalSection(SolutionConfigurationPlatforms) = preSolution
		Debug|Any CPU = Debug|Any CPU
		Release|Any CPU = Release|Any CPU
	EndGlobalSection
	GlobalSection(ProjectConfigurationPlatforms) = postSolution
		{C39996FD-B1C5-4E41-9E22-76C67EEC6470}.Debug|Any CPU.ActiveCfg = Debug|Any CPU
		{C39996FD-B1C5-4E41-9E22-76C67EEC6470}.Debug|Any CPU.Build.0 = Debug|Any CPU
		{C39996FD-B1C5-4E41-9E22-76C67EEC6470}.Release|Any CPU.ActiveCfg = Release|Any CPU
		{C39996FD-B1C5-4E41-9E22-76C67EEC6470}.Release|Any CPU.Build.0 = Release|Any CPU
	EndGlobalSection
	GlobalSection(SolutionProperties) = preSolution
		HideSolutionNode = FALSE
	EndGlobalSection
	GlobalSection(ExtensibilityGlobals) = postSolution
		SolutionGuid = {411C287A-8FF5-4233-9BD0-0780DAAC8357}
	EndGlobalSection
EndGlobal
